
Microsoft Visual Studio Solution File, Format Version 12.00
Project("{FAE04EC0-301F-11D3-BF4B-00C04F79EFBC}") = "DotNetCoreWindowsService", "DotNetCoreWindowsService.csproj", "{19F25BE3-6AC0-47A1-9723-7F0A6086DE7A}"
EndProject
Global
	GlobalSection(SolutionConfigurationPlatforms) = preSolution
		Debug|Any CPU = Debug|Any CPU
		Release|Any CPU = Release|Any CPU
	EndGlobalSection
	GlobalSection(ProjectConfigurationPlatforms) = postSolution
		{19F25BE3-6AC0-47A1-9723-7F0A6086DE7A}.Debug|Any CPU.ActiveCfg = Debug|Any CPU
		{19F25BE3-6AC0-47A1-9723-7F0A6086DE7A}.Debug|Any CPU.Build.0 = Debug|Any CPU
		{19F25BE3-6AC0-47A1-9723-7F0A6086DE7A}.Release|Any CPU.ActiveCfg = Release|Any CPU
		{19F25BE3-6AC0-47A1-9723-7F0A6086DE7A}.Release|Any CPU.Build.0 = Release|Any CPU
	EndGlobalSection
EndGlobal
